// !$*UTF8*$!
{
	archiveVersion = 1;
	classes = {
	};
	objectVersion = 50;
	objects = {

/* Begin PBXBuildFile section */
		FAE46EB025AE99E1006A5BF6 /* main.swift in Sources */ = {isa = PBXBuildFile; fileRef = FAE46EAF25AE99E1006A5BF6 /* main.swift */; };
		FAE46EBB25AE9B8E006A5BF6 /* BaekJoon1000.swift in Sources */ = {isa = PBXBuildFile; fileRef = FAE46EBA25AE9B8E006A5BF6 /* BaekJoon1000.swift */; };
		FAE46EBF25AE9BC7006A5BF6 /* BaekJoon1009.swift in Sources */ = {isa = PBXBuildFile; fileRef = FAE46EBE25AE9BC7006A5BF6 /* BaekJoon1009.swift */; };
		FAE46EC225AE9BD4006A5BF6 /* BaekJoon1052.swift in Sources */ = {isa = PBXBuildFile; fileRef = FAE46EC125AE9BD4006A5BF6 /* BaekJoon1052.swift */; };
		FAE46EC525AE9BF7006A5BF6 /* BaekJoon1076.swift in Sources */ = {isa = PBXBuildFile; fileRef = FAE46EC425AE9BF7006A5BF6 /* BaekJoon1076.swift */; };
		FAE46EC825AE9C06006A5BF6 /* BaekJoon10757.swift in Sources */ = {isa = PBXBuildFile; fileRef = FAE46EC725AE9C06006A5BF6 /* BaekJoon10757.swift */; };
		FAE46ECB25AE9C63006A5BF6 /* Leet1.swift in Sources */ = {isa = PBXBuildFile; fileRef = FAE46ECA25AE9C63006A5BF6 /* Leet1.swift */; };
		FAE46ED025AEB918006A5BF6 /* Leet7.swift in Sources */ = {isa = PBXBuildFile; fileRef = FAE46ECF25AEB918006A5BF6 /* Leet7.swift */; };
		FAE46ED325AEC047006A5BF6 /* Leet83.swift in Sources */ = {isa = PBXBuildFile; fileRef = FAE46ED225AEC047006A5BF6 /* Leet83.swift */; };
		FAE46ED925AED727006A5BF6 /* Leet9.swift in Sources */ = {isa = PBXBuildFile; fileRef = FAE46ED825AED727006A5BF6 /* Leet9.swift */; };
		FAE46EDC25AEE5D5006A5BF6 /* Leet14.swift in Sources */ = {isa = PBXBuildFile; fileRef = FAE46EDB25AEE5D5006A5BF6 /* Leet14.swift */; };
/* End PBXBuildFile section */

/* Begin PBXCopyFilesBuildPhase section */
		FAE46EAA25AE99E1006A5BF6 /* CopyFiles */ = {
			isa = PBXCopyFilesBuildPhase;
			buildActionMask = 2147483647;
			dstPath = /usr/share/man/man1/;
			dstSubfolderSpec = 0;
			files = (
			);
			runOnlyForDeploymentPostprocessing = 1;
		};
/* End PBXCopyFilesBuildPhase section */

/* Begin PBXFileReference section */
		FAE46EAC25AE99E1006A5BF6 /* Algorithm_By_Baekjoon_LeetCode */ = {isa = PBXFileReference; explicitFileType = "compiled.mach-o.executable"; includeInIndex = 0; path = Algorithm_By_Baekjoon_LeetCode; sourceTree = BUILT_PRODUCTS_DIR; };
		FAE46EAF25AE99E1006A5BF6 /* main.swift */ = {isa = PBXFileReference; lastKnownFileType = sourcecode.swift; path = main.swift; sourceTree = "<group>"; };
		FAE46EBA25AE9B8E006A5BF6 /* BaekJoon1000.swift */ = {isa = PBXFileReference; lastKnownFileType = sourcecode.swift; path = BaekJoon1000.swift; sourceTree = "<group>"; };
		FAE46EBE25AE9BC7006A5BF6 /* BaekJoon1009.swift */ = {isa = PBXFileReference; lastKnownFileType = sourcecode.swift; path = BaekJoon1009.swift; sourceTree = "<group>"; };
		FAE46EC125AE9BD4006A5BF6 /* BaekJoon1052.swift */ = {isa = PBXFileReference; lastKnownFileType = sourcecode.swift; path = BaekJoon1052.swift; sourceTree = "<group>"; };
		FAE46EC425AE9BF7006A5BF6 /* BaekJoon1076.swift */ = {isa = PBXFileReference; lastKnownFileType = sourcecode.swift; path = BaekJoon1076.swift; sourceTree = "<group>"; };
		FAE46EC725AE9C06006A5BF6 /* BaekJoon10757.swift */ = {isa = PBXFileReference; lastKnownFileType = sourcecode.swift; path = BaekJoon10757.swift; sourceTree = "<group>"; };
		FAE46ECA25AE9C63006A5BF6 /* Leet1.swift */ = {isa = PBXFileReference; lastKnownFileType = sourcecode.swift; path = Leet1.swift; sourceTree = "<group>"; };
		FAE46ECF25AEB918006A5BF6 /* Leet7.swift */ = {isa = PBXFileReference; lastKnownFileType = sourcecode.swift; path = Leet7.swift; sourceTree = "<group>"; };
		FAE46ED225AEC047006A5BF6 /* Leet83.swift */ = {isa = PBXFileReference; lastKnownFileType = sourcecode.swift; path = Leet83.swift; sourceTree = "<group>"; };
		FAE46ED825AED727006A5BF6 /* Leet9.swift */ = {isa = PBXFileReference; lastKnownFileType = sourcecode.swift; path = Leet9.swift; sourceTree = "<group>"; };
		FAE46EDB25AEE5D5006A5BF6 /* Leet14.swift */ = {isa = PBXFileReference; lastKnownFileType = sourcecode.swift; path = Leet14.swift; sourceTree = "<group>"; };
/* End PBXFileReference section */

/* Begin PBXFrameworksBuildPhase section */
		FAE46EA925AE99E1006A5BF6 /* Frameworks */ = {
			isa = PBXFrameworksBuildPhase;
			buildActionMask = 2147483647;
			files = (
			);
			runOnlyForDeploymentPostprocessing = 0;
		};
/* End PBXFrameworksBuildPhase section */

/* Begin PBXGroup section */
		FAE46EA325AE99E1006A5BF6 = {
			isa = PBXGroup;
			children = (
				FAE46EAF25AE99E1006A5BF6 /* main.swift */,
				FAE46EB825AE9AB0006A5BF6 /* LeetCode */,
				FAE46EAE25AE99E1006A5BF6 /* BaekJoon */,
				FAE46EAD25AE99E1006A5BF6 /* Products */,
			);
			sourceTree = "<group>";
		};
		FAE46EAD25AE99E1006A5BF6 /* Products */ = {
			isa = PBXGroup;
			children = (
				FAE46EAC25AE99E1006A5BF6 /* Algorithm_By_Baekjoon_LeetCode */,
			);
			name = Products;
			sourceTree = "<group>";
		};
		FAE46EAE25AE99E1006A5BF6 /* BaekJoon */ = {
			isa = PBXGroup;
			children = (
				FAE46EBA25AE9B8E006A5BF6 /* BaekJoon1000.swift */,
				FAE46EBE25AE9BC7006A5BF6 /* BaekJoon1009.swift */,
				FAE46EC125AE9BD4006A5BF6 /* BaekJoon1052.swift */,
				FAE46EC425AE9BF7006A5BF6 /* BaekJoon1076.swift */,
				FAE46EC725AE9C06006A5BF6 /* BaekJoon10757.swift */,
			);
			path = BaekJoon;
			sourceTree = "<group>";
		};
		FAE46EB825AE9AB0006A5BF6 /* LeetCode */ = {
			isa = PBXGroup;
			children = (
				FAE46ECA25AE9C63006A5BF6 /* Leet1.swift */,
				FAE46ECF25AEB918006A5BF6 /* Leet7.swift */,
				FAE46ED225AEC047006A5BF6 /* Leet83.swift */,
				FAE46ED825AED727006A5BF6 /* Leet9.swift */,
				FAE46EDB25AEE5D5006A5BF6 /* Leet14.swift */,
			);
			path = LeetCode;
			sourceTree = "<group>";
		};
/* End PBXGroup section */

/* Begin PBXNativeTarget section */
		FAE46EAB25AE99E1006A5BF6 /* Algorithm_By_Baekjoon_LeetCode */ = {
			isa = PBXNativeTarget;
			buildConfigurationList = FAE46EB325AE99E1006A5BF6 /* Build configuration list for PBXNativeTarget "Algorithm_By_Baekjoon_LeetCode" */;
			buildPhases = (
				FAE46EA825AE99E1006A5BF6 /* Sources */,
				FAE46EA925AE99E1006A5BF6 /* Frameworks */,
				FAE46EAA25AE99E1006A5BF6 /* CopyFiles */,
			);
			buildRules = (
			);
			dependencies = (
			);
			name = Algorithm_By_Baekjoon_LeetCode;
			productName = Algorithm_By_Baekjoon_LeetCode;
			productReference = FAE46EAC25AE99E1006A5BF6 /* Algorithm_By_Baekjoon_LeetCode */;
			productType = "com.apple.product-type.tool";
		};
/* End PBXNativeTarget section */

/* Begin PBXProject section */
		FAE46EA425AE99E1006A5BF6 /* Project object */ = {
			isa = PBXProject;
			attributes = {
				LastSwiftUpdateCheck = 1230;
				LastUpgradeCheck = 1230;
				TargetAttributes = {
					FAE46EAB25AE99E1006A5BF6 = {
						CreatedOnToolsVersion = 12.3;
					};
				};
			};
			buildConfigurationList = FAE46EA725AE99E1006A5BF6 /* Build configuration list for PBXProject "Algorithm_By_Baekjoon_LeetCode" */;
			compatibilityVersion = "Xcode 9.3";
			developmentRegion = en;
			hasScannedForEncodings = 0;
			knownRegions = (
				en,
				Base,
			);
			mainGroup = FAE46EA325AE99E1006A5BF6;
			productRefGroup = FAE46EAD25AE99E1006A5BF6 /* Products */;
			projectDirPath = "";
			projectRoot = "";
			targets = (
				FAE46EAB25AE99E1006A5BF6 /* Algorithm_By_Baekjoon_LeetCode */,
			);
		};
/* End PBXProject section */

/* Begin PBXSourcesBuildPhase section */
		FAE46EA825AE99E1006A5BF6 /* Sources */ = {
			isa = PBXSourcesBuildPhase;
			buildActionMask = 2147483647;
			files = (
				FAE46EB025AE99E1006A5BF6 /* main.swift in Sources */,
				FAE46ED025AEB918006A5BF6 /* Leet7.swift in Sources */,
				FAE46ED325AEC047006A5BF6 /* Leet83.swift in Sources */,
				FAE46ED925AED727006A5BF6 /* Leet9.swift in Sources */,
				FAE46EC825AE9C06006A5BF6 /* BaekJoon10757.swift in Sources */,
				FAE46EBF25AE9BC7006A5BF6 /* BaekJoon1009.swift in Sources */,
				FAE46ECB25AE9C63006A5BF6 /* Leet1.swift in Sources */,
				FAE46EDC25AEE5D5006A5BF6 /* Leet14.swift in Sources */,
				FAE46EC525AE9BF7006A5BF6 /* BaekJoon1076.swift in Sources */,
				FAE46EC225AE9BD4006A5BF6 /* BaekJoon1052.swift in Sources */,
				FAE46EBB25AE9B8E006A5BF6 /* BaekJoon1000.swift in Sources */,
			);
			runOnlyForDeploymentPostprocessing = 0;
		};
/* End PBXSourcesBuildPhase section */

/* Begin XCBuildConfiguration section */
		FAE46EB125AE99E1006A5BF6 /* Debug */ = {
			isa = XCBuildConfiguration;
			buildSettings = {
				ALWAYS_SEARCH_USER_PATHS = NO;
				CLANG_ANALYZER_NONNULL = YES;
				CLANG_ANALYZER_NUMBER_OBJECT_CONVERSION = YES_AGGRESSIVE;
				CLANG_CXX_LANGUAGE_STANDARD = "gnu++14";
				CLANG_CXX_LIBRARY = "libc++";
				CLANG_ENABLE_MODULES = YES;
				CLANG_ENABLE_OBJC_ARC = YES;
				CLANG_ENABLE_OBJC_WEAK = YES;
				CLANG_WARN_BLOCK_CAPTURE_AUTORELEASING = YES;
				CLANG_WARN_BOOL_CONVERSION = YES;
				CLANG_WARN_COMMA = YES;
				CLANG_WARN_CONSTANT_CONVERSION = YES;
				CLANG_WARN_DEPRECATED_OBJC_IMPLEMENTATIONS = YES;
				CLANG_WARN_DIRECT_OBJC_ISA_USAGE = YES_ERROR;
				CLANG_WARN_DOCUMENTATION_COMMENTS = YES;
				CLANG_WARN_EMPTY_BODY = YES;
				CLANG_WARN_ENUM_CONVERSION = YES;
				CLANG_WARN_INFINITE_RECURSION = YES;
				CLANG_WARN_INT_CONVERSION = YES;
				CLANG_WARN_NON_LITERAL_NULL_CONVERSION = YES;
				CLANG_WARN_OBJC_IMPLICIT_RETAIN_SELF = YES;
				CLANG_WARN_OBJC_LITERAL_CONVERSION = YES;
				CLANG_WARN_OBJC_ROOT_CLASS = YES_ERROR;
				CLANG_WARN_QUOTED_INCLUDE_IN_FRAMEWORK_HEADER = YES;
				CLANG_WARN_RANGE_LOOP_ANALYSIS = YES;
				CLANG_WARN_STRICT_PROTOTYPES = YES;
				CLANG_WARN_SUSPICIOUS_MOVE = YES;
				CLANG_WARN_UNGUARDED_AVAILABILITY = YES_AGGRESSIVE;
				CLANG_WARN_UNREACHABLE_CODE = YES;
				CLANG_WARN__DUPLICATE_METHOD_MATCH = YES;
				COPY_PHASE_STRIP = NO;
				DEBUG_INFORMATION_FORMAT = dwarf;
				ENABLE_STRICT_OBJC_MSGSEND = YES;
				ENABLE_TESTABILITY = YES;
				GCC_C_LANGUAGE_STANDARD = gnu11;
				GCC_DYNAMIC_NO_PIC = NO;
				GCC_NO_COMMON_BLOCKS = YES;
				GCC_OPTIMIZATION_LEVEL = 0;
				GCC_PREPROCESSOR_DEFINITIONS = (
					"DEBUG=1",
					"$(inherited)",
				);
				GCC_WARN_64_TO_32_BIT_CONVERSION = YES;
				GCC_WARN_ABOUT_RETURN_TYPE = YES_ERROR;
				GCC_WARN_UNDECLARED_SELECTOR = YES;
				GCC_WARN_UNINITIALIZED_AUTOS = YES_AGGRESSIVE;
				GCC_WARN_UNUSED_FUNCTION = YES;
				GCC_WARN_UNUSED_VARIABLE = YES;
				MACOSX_DEPLOYMENT_TARGET = 11.1;
				MTL_ENABLE_DEBUG_INFO = INCLUDE_SOURCE;
				MTL_FAST_MATH = YES;
				ONLY_ACTIVE_ARCH = YES;
				SDKROOT = macosx;
				SWIFT_ACTIVE_COMPILATION_CONDITIONS = DEBUG;
				SWIFT_OPTIMIZATION_LEVEL = "-Onone";
			};
			name = Debug;
		};
		FAE46EB225AE99E1006A5BF6 /* Release */ = {
			isa = XCBuildConfiguration;
			buildSettings = {
				ALWAYS_SEARCH_USER_PATHS = NO;
				CLANG_ANALYZER_NONNULL = YES;
				CLANG_ANALYZER_NUMBER_OBJECT_CONVERSION = YES_AGGRESSIVE;
				CLANG_CXX_LANGUAGE_STANDARD = "gnu++14";
				CLANG_CXX_LIBRARY = "libc++";
				CLANG_ENABLE_MODULES = YES;
				CLANG_ENABLE_OBJC_ARC = YES;
				CLANG_ENABLE_OBJC_WEAK = YES;
				CLANG_WARN_BLOCK_CAPTURE_AUTORELEASING = YES;
				CLANG_WARN_BOOL_CONVERSION = YES;
				CLANG_WARN_COMMA = YES;
				CLANG_WARN_CONSTANT_CONVERSION = YES;
				CLANG_WARN_DEPRECATED_OBJC_IMPLEMENTATIONS = YES;
				CLANG_WARN_DIRECT_OBJC_ISA_USAGE = YES_ERROR;
				CLANG_WARN_DOCUMENTATION_COMMENTS = YES;
				CLANG_WARN_EMPTY_BODY = YES;
				CLANG_WARN_ENUM_CONVERSION = YES;
				CLANG_WARN_INFINITE_RECURSION = YES;
				CLANG_WARN_INT_CONVERSION = YES;
				CLANG_WARN_NON_LITERAL_NULL_CONVERSION = YES;
				CLANG_WARN_OBJC_IMPLICIT_RETAIN_SELF = YES;
				CLANG_WARN_OBJC_LITERAL_CONVERSION = YES;
				CLANG_WARN_OBJC_ROOT_CLASS = YES_ERROR;
				CLANG_WARN_QUOTED_INCLUDE_IN_FRAMEWORK_HEADER = YES;
				CLANG_WARN_RANGE_LOOP_ANALYSIS = YES;
				CLANG_WARN_STRICT_PROTOTYPES = YES;
				CLANG_WARN_SUSPICIOUS_MOVE = YES;
				CLANG_WARN_UNGUARDED_AVAILABILITY = YES_AGGRESSIVE;
				CLANG_WARN_UNREACHABLE_CODE = YES;
				CLANG_WARN__DUPLICATE_METHOD_MATCH = YES;
				COPY_PHASE_STRIP = NO;
				DEBUG_INFORMATION_FORMAT = "dwarf-with-dsym";
				ENABLE_NS_ASSERTIONS = NO;
				ENABLE_STRICT_OBJC_MSGSEND = YES;
				GCC_C_LANGUAGE_STANDARD = gnu11;
				GCC_NO_COMMON_BLOCKS = YES;
				GCC_WARN_64_TO_32_BIT_CONVERSION = YES;
				GCC_WARN_ABOUT_RETURN_TYPE = YES_ERROR;
				GCC_WARN_UNDECLARED_SELECTOR = YES;
				GCC_WARN_UNINITIALIZED_AUTOS = YES_AGGRESSIVE;
				GCC_WARN_UNUSED_FUNCTION = YES;
				GCC_WARN_UNUSED_VARIABLE = YES;
				MACOSX_DEPLOYMENT_TARGET = 11.1;
				MTL_ENABLE_DEBUG_INFO = NO;
				MTL_FAST_MATH = YES;
				SDKROOT = macosx;
				SWIFT_COMPILATION_MODE = wholemodule;
				SWIFT_OPTIMIZATION_LEVEL = "-O";
			};
			name = Release;
		};
		FAE46EB425AE99E1006A5BF6 /* Debug */ = {
			isa = XCBuildConfiguration;
			buildSettings = {
				CODE_SIGN_STYLE = Automatic;
				DEVELOPMENT_TEAM = S52PAXB444;
				ENABLE_HARDENED_RUNTIME = YES;
				PRODUCT_NAME = "$(TARGET_NAME)";
				SWIFT_VERSION = 5.0;
			};
			name = Debug;
		};
		FAE46EB525AE99E1006A5BF6 /* Release */ = {
			isa = XCBuildConfiguration;
			buildSettings = {
				CODE_SIGN_STYLE = Automatic;
				DEVELOPMENT_TEAM = S52PAXB444;
				ENABLE_HARDENED_RUNTIME = YES;
				PRODUCT_NAME = "$(TARGET_NAME)";
				SWIFT_VERSION = 5.0;
			};
			name = Release;
		};
/* End XCBuildConfiguration section */

/* Begin XCConfigurationList section */
		FAE46EA725AE99E1006A5BF6 /* Build configuration list for PBXProject "Algorithm_By_Baekjoon_LeetCode" */ = {
			isa = XCConfigurationList;
			buildConfigurations = (
				FAE46EB125AE99E1006A5BF6 /* Debug */,
				FAE46EB225AE99E1006A5BF6 /* Release */,
			);
			defaultConfigurationIsVisible = 0;
			defaultConfigurationName = Release;
		};
		FAE46EB325AE99E1006A5BF6 /* Build configuration list for PBXNativeTarget "Algorithm_By_Baekjoon_LeetCode" */ = {
			isa = XCConfigurationList;
			buildConfigurations = (
				FAE46EB425AE99E1006A5BF6 /* Debug */,
				FAE46EB525AE99E1006A5BF6 /* Release */,
			);
			defaultConfigurationIsVisible = 0;
			defaultConfigurationName = Release;
		};
/* End XCConfigurationList section */
	};
	rootObject = FAE46EA425AE99E1006A5BF6 /* Project object */;
}
